<?xml version="1.0" encoding="utf-8"?>
<Project ToolsVersion="4.0" xmlns="http://schemas.microsoft.com/developer/msbuild/2003">
  <ItemGroup>
    <Filter Include="源文件">
      <UniqueIdentifier>{4FC737F1-C7A5-4376-A066-2A32D752A2FF}</UniqueIdentifier>
      <Extensions>cpp;c;cc;cxx;def;odl;idl;hpj;bat;asm;asmx</Extensions>
    </Filter>
    <Filter Include="头文件">
      <UniqueIdentifier>{93995380-89BD-4b04-88EB-625FBE52EBFB}</UniqueIdentifier>
      <Extensions>h;hpp;hxx;hm;inl;inc;xsd</Extensions>
    </Filter>
    <Filter Include="资源文件">
      <UniqueIdentifier>{67DA6AB6-F800-4c08-8B7A-83BB121AAD01}</UniqueIdentifier>
      <Extensions>rc;ico;cur;bmp;dlg;rc2;rct;bin;rgs;gif;jpg;jpeg;jpe;resx;tiff;tif;png;wav;mfcribbon-ms</Extensions>
    </Filter>
  </ItemGroup>
  <ItemGroup>
    <None Include="ReadMe.txt" />
    <None Include="res\SingleDemon.rc2">
      <Filter>资源文件</Filter>
    </None>
    <None Include="res\SingleDemon.ico">
      <Filter>资源文件</Filter>
    </None>
    <None Include="res\注册登录方_03.bmp">
      <Filter>资源文件</Filter>
    </None>
    <None Include="res\bitmap1.bmp">
      <Filter>资源文件</Filter>
    </None>
    <None Include="res\智能屏远程发布系统 rev.bmp">
      <Filter>资源文件</Filter>
    </None>
    <None Include="res\智能屏远程发布系统00000.bmp">
      <Filter>资源文件</Filter>
    </None>
    <None Include="res\yes.bmp">
      <Filter>资源文件</Filter>
    </None>
    <None Include="res\no.bmp">
      <Filter>资源文件</Filter>
    </None>
    <None Include="res\未标题-2.bmp">
      <Filter>资源文件</Filter>
    </None>
    <None Include="res\bitmap2.bmp">
      <Filter>资源文件</Filter>
    </None>
    <None Include="res\Success.bmp">
      <Filter>资源文件</Filter>
    </None>
    <None Include="res\False.bmp">
      <Filter>资源文件</Filter>
    </None>
  </ItemGroup>
  <ItemGroup>
    <ClInclude Include="SingleDemon.h">
      <Filter>头文件</Filter>
    </ClInclude>
    <ClInclude Include="SingleDemonDlg.h">
      <Filter>头文件</Filter>
    </ClInclude>
    <ClInclude Include="stdafx.h">
      <Filter>头文件</Filter>
    </ClInclude>
    <ClInclude Include="targetver.h">
      <Filter>头文件</Filter>
    </ClInclude>
    <ClInclude Include="Resource.h">
      <Filter>头文件</Filter>
    </ClInclude>
    <ClInclude Include="RegisterDlg.h">
      <Filter>头文件</Filter>
    </ClInclude>
    <ClInclude Include="DeviceQueryDlg.h">
      <Filter>头文件</Filter>
    </ClInclude>
    <ClInclude Include="MessageListDlg.h">
      <Filter>头文件</Filter>
    </ClInclude>
    <ClInclude Include="AddAffirmDlg.h">
      <Filter>头文件</Filter>
    </ClInclude>
    <ClInclude Include="ADOInterface.h">
      <Filter>头文件</Filter>
    </ClInclude>
    <ClInclude Include="Config.h">
      <Filter>头文件</Filter>
    </ClInclude>
    <ClInclude Include="AffirmManage.h">
      <Filter>头文件</Filter>
    </ClInclude>
    <ClInclude Include="GetMessage.h">
      <Filter>头文件</Filter>
    </ClInclude>
    <ClInclude Include="AboutBox.h">
      <Filter>头文件</Filter>
    </ClInclude>
    <ClInclude Include="VersionDlg.h">
      <Filter>头文件</Filter>
    </ClInclude>
    <ClInclude Include="HistoryDlg.h">
      <Filter>头文件</Filter>
    </ClInclude>
    <ClInclude Include="EasySize.h">
      <Filter>头文件</Filter>
    </ClInclude>
    <ClInclude Include="ListCtrlCl.h">
      <Filter>头文件</Filter>
    </ClInclude>
    <ClInclude Include="HeaderCtrlCl.h">
      <Filter>头文件</Filter>
    </ClInclude>
    <ClInclude Include="MyListCtrl.h">
      <Filter>头文件</Filter>
    </ClInclude>
  </ItemGroup>
  <ItemGroup>
    <ClCompile Include="SingleDemon.cpp">
      <Filter>源文件</Filter>
    </ClCompile>
    <ClCompile Include="SingleDemonDlg.cpp">
      <Filter>源文件</Filter>
    </ClCompile>
    <ClCompile Include="stdafx.cpp">
      <Filter>源文件</Filter>
    </ClCompile>
    <ClCompile Include="RegisterDlg.cpp">
      <Filter>源文件</Filter>
    </ClCompile>
    <ClCompile Include="DeviceQueryDlg.cpp">
      <Filter>源文件</Filter>
    </ClCompile>
    <ClCompile Include="MessageListDlg.cpp">
      <Filter>源文件</Filter>
    </ClCompile>
    <ClCompile Include="AddAffirmDlg.cpp">
      <Filter>源文件</Filter>
    </ClCompile>
    <ClCompile Include="Config.cpp">
      <Filter>源文件</Filter>
    </ClCompile>
    <ClCompile Include="AffirmManage.cpp">
      <Filter>源文件</Filter>
    </ClCompile>
    <ClCompile Include="GetMessage.cpp">
      <Filter>源文件</Filter>
    </ClCompile>
    <ClCompile Include="AboutBox.cpp">
      <Filter>源文件</Filter>
    </ClCompile>
    <ClCompile Include="VersionDlg.cpp">
      <Filter>源文件</Filter>
    </ClCompile>
    <ClCompile Include="HistoryDlg.cpp">
      <Filter>源文件</Filter>
    </ClCompile>
    <ClCompile Include="ListCtrlCl.cpp">
      <Filter>源文件</Filter>
    </ClCompile>
    <ClCompile Include="HeaderCtrlCl.cpp">
      <Filter>源文件</Filter>
    </ClCompile>
    <ClCompile Include="MyListCtrl.cpp">
      <Filter>源文件</Filter>
    </ClCompile>
  </ItemGroup>
  <ItemGroup>
    <ResourceCompile Include="SingleDemon.rc">
      <Filter>资源文件</Filter>
    </ResourceCompile>
  </ItemGroup>
</Project>